<?xml version="1.0" encoding="utf-8"?>
<Project ToolsVersion="4.0" xmlns="http://schemas.microsoft.com/developer/msbuild/2003">
  <ItemGroup>
    <Filter Include="Source Files">
      <UniqueIdentifier>{4FC737F1-C7A5-4376-A066-2A32D752A2FF}</UniqueIdentifier>
      <Extensions>cpp;c;cc;cxx;def;odl;idl;hpj;bat;asm;asmx</Extensions>
    </Filter>
    <Filter Include="Header Files">
      <UniqueIdentifier>{93995380-89BD-4b04-88EB-625FBE52EBFB}</UniqueIdentifier>
      <Extensions>h;hpp;hxx;hm;inl;inc;xsd</Extensions>
    </Filter>
    <Filter Include="Resource Files">
      <UniqueIdentifier>{67DA6AB6-F800-4c08-8B7A-83BB121AAD01}</UniqueIdentifier>
      <Extensions>rc;ico;cur;bmp;dlg;rc2;rct;bin;rgs;gif;jpg;jpeg;jpe;resx;tiff;tif;png;wav;mfcribbon-ms</Extensions>
    </Filter>
    <Filter Include="Header Files\Components">
      <UniqueIdentifier>{64d932e6-2dcf-4e52-89dc-6946d5b6d096}</UniqueIdentifier>
    </Filter>
    <Filter Include="Source Files\Components">
      <UniqueIdentifier>{2608cdd6-30be-40d0-a98c-6f36bcef8421}</UniqueIdentifier>
    </Filter>
    <Filter Include="Header Files\Entity">
      <UniqueIdentifier>{3f8bec14-21c5-4b9a-a823-ec6b56222e32}</UniqueIdentifier>
    </Filter>
    <Filter Include="Header Files\Event">
      <UniqueIdentifier>{a5732b3e-6424-4dfb-8224-6bf96d83f015}</UniqueIdentifier>
    </Filter>
    <Filter Include="Header Files\Graphics">
      <UniqueIdentifier>{baad631b-d399-4e6a-9744-2fe2cb9dc8ac}</UniqueIdentifier>
    </Filter>
    <Filter Include="Header Files\Utility">
      <UniqueIdentifier>{6cde9a30-5299-43e3-ba01-378d505fd319}</UniqueIdentifier>
    </Filter>
    <Filter Include="Source Files\Entity">
      <UniqueIdentifier>{f65abca9-44a1-4318-a69b-9be0d4c7c1bc}</UniqueIdentifier>
    </Filter>
    <Filter Include="Source Files\Event">
      <UniqueIdentifier>{1d77efe5-7ba9-4ba1-85d5-5125da890434}</UniqueIdentifier>
    </Filter>
    <Filter Include="Source Files\Graphics">
      <UniqueIdentifier>{fe8ba15e-900e-48b9-9952-7d4623fd815e}</UniqueIdentifier>
    </Filter>
    <Filter Include="Source Files\Utility">
      <UniqueIdentifier>{d951926f-5ba2-4257-9bc6-201cb1a19a44}</UniqueIdentifier>
    </Filter>
    <Filter Include="Header Files\UI">
      <UniqueIdentifier>{dd6e583c-3f89-4ce7-b6bd-8fbb42d09bf1}</UniqueIdentifier>
    </Filter>
    <Filter Include="Source Files\UI">
      <UniqueIdentifier>{af3a8a9a-4f1e-4f9b-90ab-e7501cce7482}</UniqueIdentifier>
    </Filter>
    <Filter Include="Header Files\Graphics\Camera">
      <UniqueIdentifier>{ae975e45-546a-4662-b75d-7ecad0237804}</UniqueIdentifier>
    </Filter>
    <Filter Include="Source Files\Graphics\Camera">
      <UniqueIdentifier>{8cb8fc6d-20bf-4465-a788-158511b4fd05}</UniqueIdentifier>
    </Filter>
    <Filter Include="Header Files\UI\Controller">
      <UniqueIdentifier>{1fa98f90-780f-4f65-af18-fe2f30f31e04}</UniqueIdentifier>
    </Filter>
    <Filter Include="Source Files\UI\Controller">
      <UniqueIdentifier>{4f032beb-2b4f-426a-ac6e-d5c8c1542f0e}</UniqueIdentifier>
    </Filter>
    <Filter Include="Source Files\Level">
      <UniqueIdentifier>{3a86329a-a2ea-4243-9caa-4ab515640a67}</UniqueIdentifier>
    </Filter>
    <Filter Include="Header Files\Collision">
      <UniqueIdentifier>{885ca4e6-daa5-4d7d-8bd2-52f62da4f8d3}</UniqueIdentifier>
    </Filter>
    <Filter Include="Source Files\Collision">
      <UniqueIdentifier>{5cc5ea91-a7eb-4eb5-ab65-ae2f0432a50e}</UniqueIdentifier>
    </Filter>
    <Filter Include="Header Files\Level">
      <UniqueIdentifier>{e33de579-2ba1-4dbf-9a36-6e873592c626}</UniqueIdentifier>
    </Filter>
    <Filter Include="Header Files\Sound">
      <UniqueIdentifier>{c7873fa7-db88-4c0e-9c4e-2e25c2e3ed54}</UniqueIdentifier>
    </Filter>
    <Filter Include="Source Files\Sound">
      <UniqueIdentifier>{34ca215f-c235-4d07-8ef1-cf2d0db8b497}</UniqueIdentifier>
    </Filter>
  </ItemGroup>
  <ItemGroup>
    <ClInclude Include="include\Component\Component.h">
      <Filter>Header Files\Components</Filter>
    </ClInclude>
    <ClInclude Include="include\Component\LocationComponent.h">
      <Filter>Header Files\Components</Filter>
    </ClInclude>
    <ClInclude Include="include\Entity\Entity.h">
      <Filter>Header Files\Entity</Filter>
    </ClInclude>
    <ClInclude Include="include\Entity\EntityManager.h">
      <Filter>Header Files\Entity</Filter>
    </ClInclude>
    <ClInclude Include="include\Event\Event.h">
      <Filter>Header Files\Event</Filter>
    </ClInclude>
    <ClInclude Include="include\Graphics\Renderer\Renderer.h">
      <Filter>Header Files\Graphics</Filter>
    </ClInclude>
    <ClInclude Include="include\Utility\UniqueID.h">
      <Filter>Header Files\Utility</Filter>
    </ClInclude>
    <ClInclude Include="include\Engine.h">
      <Filter>Header Files</Filter>
    </ClInclude>
    <ClInclude Include="include\Graphics\SpriteManager.h">
      <Filter>Header Files\Graphics</Filter>
    </ClInclude>
    <ClInclude Include="include\Graphics\Sprite.h">
      <Filter>Header Files\Graphics</Filter>
    </ClInclude>
    <ClInclude Include="include\Component\GraphicsComponent.h">
      <Filter>Header Files\Components</Filter>
    </ClInclude>
    <ClInclude Include="include\UI\UI.h">
      <Filter>Header Files\UI</Filter>
    </ClInclude>
    <ClInclude Include="include\Utility\Defines.h">
      <Filter>Header Files\Utility</Filter>
    </ClInclude>
    <ClInclude Include="include\Utility\Enumerations.h">
      <Filter>Header Files\Utility</Filter>
    </ClInclude>
    <ClInclude Include="include\Entity\EntityFactory.h">
      <Filter>Header Files\Entity</Filter>
    </ClInclude>
    <ClInclude Include="include\Event\UIEvent.h">
      <Filter>Header Files\Event</Filter>
    </ClInclude>
    <ClInclude Include="include\Component\InputComponent.h">
      <Filter>Header Files\Components</Filter>
    </ClInclude>
    <ClInclude Include="include\Component\VelocityComponent.h">
      <Filter>Header Files\Components</Filter>
    </ClInclude>
    <ClInclude Include="include\Event\ChangeVelocityEvent.h">
      <Filter>Header Files\Event</Filter>
    </ClInclude>
    <ClInclude Include="include\Event\ChangeLocationEvent.h">
      <Filter>Header Files\Event</Filter>
    </ClInclude>
    <ClInclude Include="include\Utility\StringUtility.h">
      <Filter>Header Files\Utility</Filter>
    </ClInclude>
    <ClInclude Include="include\Event\ChangeAccelerationEvent.h">
      <Filter>Header Files\Event</Filter>
    </ClInclude>
    <ClInclude Include="include\Component\AccelerationComponent.h">
      <Filter>Header Files\Components</Filter>
    </ClInclude>
    <ClInclude Include="include\Graphics\Camera\EntityTrackingCamera.h">
      <Filter>Header Files\Graphics\Camera</Filter>
    </ClInclude>
    <ClInclude Include="include\Graphics\Camera\Camera.h">
      <Filter>Header Files\Graphics\Camera</Filter>
    </ClInclude>
    <ClInclude Include="include\Event\QueryDirectionEvent.h">
      <Filter>Header Files\Event</Filter>
    </ClInclude>
    <ClInclude Include="include\UI\Controller\Controller.h">
      <Filter>Header Files\UI\Controller</Filter>
    </ClInclude>
    <ClInclude Include="include\UI\Controller\KeyboardController.h">
      <Filter>Header Files\UI\Controller</Filter>
    </ClInclude>
    <ClInclude Include="include\UI\Controller\ControllerFactory.h">
      <Filter>Header Files\UI\Controller</Filter>
    </ClInclude>
    <ClInclude Include="include\Event\ChangeAnimationStateEvent.h">
      <Filter>Header Files\Event</Filter>
    </ClInclude>
    <ClInclude Include="include\Utility\LuaState.h">
      <Filter>Header Files\Utility</Filter>
    </ClInclude>
    <ClInclude Include="include\Component\CollisionAreaComponent.h">
      <Filter>Header Files\Components</Filter>
    </ClInclude>
    <ClInclude Include="include\Level\Level.h">
      <Filter>Header Files\Level</Filter>
    </ClInclude>
    <ClInclude Include="include\Collision\CollisionManager.h">
      <Filter>Header Files\Collision</Filter>
    </ClInclude>
    <ClInclude Include="include\Event\BoundaryCollisionEvent.h">
      <Filter>Header Files\Event</Filter>
    </ClInclude>
    <ClInclude Include="include\Event\RequestTerminationEvent.h">
      <Filter>Header Files\Event</Filter>
    </ClInclude>
    <ClInclude Include="include\Component\HealthComponent.h">
      <Filter>Header Files\Components</Filter>
    </ClInclude>
    <ClInclude Include="include\Event\EventVisitor.h">
      <Filter>Header Files\Event</Filter>
    </ClInclude>
    <ClInclude Include="include\Event\EventScriptCaller.h">
      <Filter>Header Files\Event</Filter>
    </ClInclude>
    <ClInclude Include="include\Event\EventSender.h">
      <Filter>Header Files\Event</Filter>
    </ClInclude>
    <ClInclude Include="include\Event\EventFactory.h">
      <Filter>Header Files\Event</Filter>
    </ClInclude>
    <ClInclude Include="include\Event\EventHandler.h">
      <Filter>Header Files\Event</Filter>
    </ClInclude>
    <ClInclude Include="include\Event\EntityCollisionEvent.h">
      <Filter>Header Files\Event</Filter>
    </ClInclude>
    <ClInclude Include="include\Utility\Logger.h">
      <Filter>Header Files\Utility</Filter>
    </ClInclude>
    <ClInclude Include="include\Utility\LoggerManager.h">
      <Filter>Header Files\Utility</Filter>
    </ClInclude>
    <ClInclude Include="include\Event\SpawnEntityEvent.h">
      <Filter>Header Files\Event</Filter>
    </ClInclude>
    <ClInclude Include="include\Entity\EntityManagerListener.h">
      <Filter>Source Files\Entity</Filter>
    </ClInclude>
    <ClInclude Include="include\Event\ParentIDNotificationEvent.h">
      <Filter>Header Files\Event</Filter>
    </ClInclude>
    <ClInclude Include="include\Sound\SoundManager.h">
      <Filter>Header Files\Sound</Filter>
    </ClInclude>
    <ClInclude Include="include\Sound\Music.h">
      <Filter>Header Files\Sound</Filter>
    </ClInclude>
  </ItemGroup>
  <ItemGroup>
    <ClCompile Include="src\Main.cpp">
      <Filter>Source Files</Filter>
    </ClCompile>
    <ClCompile Include="src\Component\Component.cpp">
      <Filter>Source Files\Components</Filter>
    </ClCompile>
    <ClCompile Include="src\Component\LocationComponent.cpp">
      <Filter>Source Files\Components</Filter>
    </ClCompile>
    <ClCompile Include="src\Entity\Entity.cpp">
      <Filter>Source Files\Entity</Filter>
    </ClCompile>
    <ClCompile Include="src\Entity\EntityManager.cpp">
      <Filter>Source Files\Entity</Filter>
    </ClCompile>
    <ClCompile Include="src\Event\Event.cpp">
      <Filter>Source Files\Event</Filter>
    </ClCompile>
    <ClCompile Include="src\Graphics\Renderer\Renderer.cpp">
      <Filter>Source Files\Graphics</Filter>
    </ClCompile>
    <ClCompile Include="src\Utility\UniqueID.cpp">
      <Filter>Source Files\Utility</Filter>
    </ClCompile>
    <ClCompile Include="src\Engine.cpp">
      <Filter>Source Files</Filter>
    </ClCompile>
    <ClCompile Include="src\Graphics\SpriteManager.cpp">
      <Filter>Source Files\Graphics</Filter>
    </ClCompile>
    <ClCompile Include="src\Graphics\Sprite.cpp">
      <Filter>Source Files\Graphics</Filter>
    </ClCompile>
    <ClCompile Include="src\Component\GraphicsComponent.cpp">
      <Filter>Source Files\Components</Filter>
    </ClCompile>
    <ClCompile Include="src\UI\UI.cpp">
      <Filter>Source Files\UI</Filter>
    </ClCompile>
    <ClCompile Include="src\Entity\EntityFactory.cpp">
      <Filter>Source Files\Entity</Filter>
    </ClCompile>
    <ClCompile Include="src\Component\InputComponent.cpp">
      <Filter>Source Files\Components</Filter>
    </ClCompile>
    <ClCompile Include="src\Component\VelocityComponent.cpp">
      <Filter>Source Files\Components</Filter>
    </ClCompile>
    <ClCompile Include="src\Utility\StringUtility.cpp">
      <Filter>Source Files\Utility</Filter>
    </ClCompile>
    <ClCompile Include="src\Component\AccelerationComponent.cpp">
      <Filter>Source Files\Components</Filter>
    </ClCompile>
    <ClCompile Include="src\Graphics\Camera\EntityTrackingCamera.cpp">
      <Filter>Source Files\Graphics\Camera</Filter>
    </ClCompile>
    <ClCompile Include="src\UI\Controller\ControllerFactory.cpp">
      <Filter>Source Files\UI\Controller</Filter>
    </ClCompile>
    <ClCompile Include="src\UI\Controller\KeyboardController.cpp">
      <Filter>Source Files\UI\Controller</Filter>
    </ClCompile>
    <ClCompile Include="src\Level\Level.cpp">
      <Filter>Source Files\Level</Filter>
    </ClCompile>
    <ClCompile Include="src\Collision\CollisionManager.cpp">
      <Filter>Source Files\Collision</Filter>
    </ClCompile>
    <ClCompile Include="src\Component\HealthComponent.cpp">
      <Filter>Source Files\Components</Filter>
    </ClCompile>
    <ClCompile Include="src\Event\EventScriptCaller.cpp">
      <Filter>Source Files\Event</Filter>
    </ClCompile>
    <ClCompile Include="src\Event\EventFactory.cpp">
      <Filter>Source Files\Event</Filter>
    </ClCompile>
    <ClCompile Include="src\Event\EventSender.cpp">
      <Filter>Source Files\Event</Filter>
    </ClCompile>
    <ClCompile Include="src\Utility\Logger.cpp">
      <Filter>Source Files\Utility</Filter>
    </ClCompile>
    <ClCompile Include="src\Utility\LoggerManager.cpp">
      <Filter>Source Files\Utility</Filter>
    </ClCompile>
    <ClCompile Include="src\Component\FactionComponent.cpp">
      <Filter>Source Files\Components</Filter>
    </ClCompile>
    <ClCompile Include="src\Utility\LuaState.cpp">
      <Filter>Source Files\Utility</Filter>
    </ClCompile>
    <ClCompile Include="src\Sound\SoundManager.cpp">
      <Filter>Source Files\Sound</Filter>
    </ClCompile>
    <ClCompile Include="src\Sound\Music.cpp">
      <Filter>Source Files\Sound</Filter>
    </ClCompile>
  </ItemGroup>
  <ItemGroup>
    <None Include="data\spritesheets\sprites.dat">
      <Filter>Resource Files</Filter>
    </None>
    <None Include="data\spritesheets\spritesheets.dat">
      <Filter>Resource Files</Filter>
    </None>
    <None Include="..\README.md">
      <Filter>Resource Files</Filter>
    </None>
    <None Include="data\scripts\defines.lua">
      <Filter>Resource Files</Filter>
    </None>
    <None Include="data\scripts\entity_creation.lua">
      <Filter>Resource Files</Filter>
    </None>
    <None Include="data\scripts\game.lua">
      <Filter>Resource Files</Filter>
    </None>
    <None Include="data\scripts\asteroid\asteroid_collision.lua">
      <Filter>Resource Files</Filter>
    </None>
    <None Include="data\scripts\asteroid\asteroid_health.lua">
      <Filter>Resource Files</Filter>
    </None>
    <None Include="data\scripts\asteroid\asteroid_velocity.lua">
      <Filter>Resource Files</Filter>
    </None>
    <None Include="data\scripts\generic_entity\faction.lua">
      <Filter>Resource Files</Filter>
    </None>
    <None Include="data\scripts\generic_entity\graphics.lua">
      <Filter>Resource Files</Filter>
    </None>
    <None Include="data\scripts\ship\ship_acceleration.lua">
      <Filter>Resource Files</Filter>
    </None>
    <None Include="data\scripts\ship\ship_input.lua">
      <Filter>Resource Files</Filter>
    </None>
    <None Include="data\scripts\ship\ship_velocity.lua">
      <Filter>Resource Files</Filter>
    </None>
    <None Include="data\scripts\asteroid\asteroid_location.lua">
      <Filter>Resource Files</Filter>
    </None>
    <None Include="data\scripts\ship\ship_location.lua">
      <Filter>Resource Files</Filter>
    </None>
    <None Include="data\input\keybindings.dat">
      <Filter>Resource Files</Filter>
    </None>
  </ItemGroup>
  <ItemGroup>
    <Image Include="data\spritesheets\testimap.bmp">
      <Filter>Resource Files</Filter>
    </Image>
  </ItemGroup>
  <ItemGroup>
    <Text Include="include\Component\FactionComponent.h">
      <Filter>Header Files\Components</Filter>
    </Text>
    <Text Include="include\Event\QueryFactionEvent.h">
      <Filter>Header Files\Event</Filter>
    </Text>
    <Text Include="include\Event\QueryLocationEvent.h">
      <Filter>Header Files\Event</Filter>
    </Text>
    <Text Include="data\music\music.dat">
      <Filter>Resource Files</Filter>
    </Text>
  </ItemGroup>
  <ItemGroup>
    <Media Include="data\music\Purple Motion - Charts overdrive.mp3">
      <Filter>Resource Files</Filter>
    </Media>
  </ItemGroup>
</Project>